{
    "_meta": {
        "hash": {
            "sha256": "983463c2384021cea03aeed5c555f8a4a8b17d1470e60cd292ee63d41afba383"
        },
        "pipfile-spec": 6,
        "requires": {
            "python_version": "3.8"
        },
        "sources": [
            {
                "name": "pypi",
                "url": "https://pypi.org/simple",
                "verify_ssl": true
            }
        ]
    },
    "default": {
        "pymupdf": {
            "hashes": [
                "sha256:0d7c6d8887bc146b442b4722184b27092ea3c3ca837103d04e71c1016cdb1a66",
                "sha256:26c7792929846f68640fc304416ff5bc50a44e482448133f287c467e1498a5b9",
                "sha256:2aaa3f3e17484447abedf76ca7dee5099f58b4b564f6a982fa120863fa674bc2",
                "sha256:3a4207c9231fe655d55c6cf2e8ae11efebc43ff5f9d3667581d1b9afa43dd037",
                "sha256:42de4eb3f9e6824588a5d823965213282ad890514bff3c131b30ac9ffc2259ea",
                "sha256:5f2085457ae9283ba4edf08ac5d0cdd652f9dab243cf6b52e7f1c0f9c8e96b82",
                "sha256:6b4dbdf210f991f8f8ec2e48a3760cf4b2ecd1c1b76afc72f9821a9b7c5bdaa1",
                "sha256:81843a85f7b44a6a18fe28bd802af84dd2027a2bc5d271b12f68e3e2c51be9a3",
                "sha256:8cc72e08fb60b79b5894531133c69ca7b9194c583852d9b8bb613fef46dac21f",
                "sha256:9eb9d1ab0fdf21634dbb76594f859abc933b5a7d678819472fd348aae6b37e30",
                "sha256:aab1d8e2e53bfd2fb3c9ce9badb21431feba0fffe83479e74f363feef0e24d14",
                "sha256:bf98e83982c453084fe7e15df1536534065380eb58977fe9f556d7985c1b8b66",
                "sha256:ced2bd0d868e17a356b9e55a2aa0c05e722683c320cf50eda0875a4743edd32d",
                "sha256:d4467f232502ebe6185b67baf2f29bc88258e6d97b89bbfa89dead6bc29593bd",
                "sha256:d82f2ce32dd19012254b0f3453ad45a8e6947c294496a2b9c1c2d0044d47b138",
                "sha256:de68cc387037329b88662505316d752e040d112fc6c29be2aaba7de7a07e3f64",
                "sha256:fc3ae391f86b794dbe79c7bcc473dafebe9a326f75100ce01ba24711e0267d0e"
            ],
            "index": "pypi",
            "version": "==1.18.2"
        }
    },
    "develop": {}
}
